
Microsoft Visual Studio Solution File, Format Version 12.00
# Visual Studio Version 17
VisualStudioVersion = 17.9.34622.214
MinimumVisualStudioVersion = 10.0.40219.1
Project("{6EC3EE1D-3C4E-46DD-8F32-0CC8E7565705}") = "Server", "Server\Server.fsproj", "{32B13EE1-CCEE-43AC-8386-F14FE2196A96}"
EndProject
Project("{6EC3EE1D-3C4E-46DD-8F32-0CC8E7565705}") = "Fullstack", "Fullstack\Fullstack.fsproj", "{A706D696-17F6-4E62-A9FE-AFFEF035AB77}"
EndProject
Project("{9A19103F-16F7-4668-BE54-9A1E7A4F7556}") = "ConsoleApp1", "ConsoleApp1\ConsoleApp1.csproj", "{4945B838-051D-4700-A6AE-FA08BBF1C73E}"
EndProject
Project("{2150E333-8FDC-42A3-9474-1A3956D46DE8}") = "Solution Items", "Solution Items", "{1826E4D6-67B2-4098-A1CA-C4D4D06D5093}"
	ProjectSection(SolutionItems) = preProject
		jsontest.fsx = jsontest.fsx
	EndProjectSection
EndProject
Global
	GlobalSection(SolutionConfigurationPlatforms) = preSolution
		Debug|Any CPU = Debug|Any CPU
		Release|Any CPU = Release|Any CPU
	EndGlobalSection
	GlobalSection(ProjectConfigurationPlatforms) = postSolution
		{32B13EE1-CCEE-43AC-8386-F14FE2196A96}.Debug|Any CPU.ActiveCfg = Debug|Any CPU
		{32B13EE1-CCEE-43AC-8386-F14FE2196A96}.Debug|Any CPU.Build.0 = Debug|Any CPU
		{32B13EE1-CCEE-43AC-8386-F14FE2196A96}.Release|Any CPU.ActiveCfg = Release|Any CPU
		{32B13EE1-CCEE-43AC-8386-F14FE2196A96}.Release|Any CPU.Build.0 = Release|Any CPU
		{A706D696-17F6-4E62-A9FE-AFFEF035AB77}.Debug|Any CPU.ActiveCfg = Debug|Any CPU
		{A706D696-17F6-4E62-A9FE-AFFEF035AB77}.Debug|Any CPU.Build.0 = Debug|Any CPU
		{A706D696-17F6-4E62-A9FE-AFFEF035AB77}.Release|Any CPU.ActiveCfg = Release|Any CPU
		{A706D696-17F6-4E62-A9FE-AFFEF035AB77}.Release|Any CPU.Build.0 = Release|Any CPU
		{4945B838-051D-4700-A6AE-FA08BBF1C73E}.Debug|Any CPU.ActiveCfg = Debug|Any CPU
		{4945B838-051D-4700-A6AE-FA08BBF1C73E}.Debug|Any CPU.Build.0 = Debug|Any CPU
		{4945B838-051D-4700-A6AE-FA08BBF1C73E}.Release|Any CPU.ActiveCfg = Release|Any CPU
		{4945B838-051D-4700-A6AE-FA08BBF1C73E}.Release|Any CPU.Build.0 = Release|Any CPU
	EndGlobalSection
	GlobalSection(SolutionProperties) = preSolution
		HideSolutionNode = FALSE
	EndGlobalSection
	GlobalSection(ExtensibilityGlobals) = postSolution
		SolutionGuid = {DB55F2AB-5602-4B16-A55B-38C637B1918D}
	EndGlobalSection
EndGlobal
